
Microsoft Visual Studio Solution File, Format Version 11.00
# Visual Studio 2010
Project("{FAE04EC0-301F-11D3-BF4B-00C04F79EFBC}") = "FACSvatarUnity", "Assembly-CSharp.csproj", "{833791D2-2472-6A4B-8419-0617FCAE8CD1}"
EndProject
Project("{FAE04EC0-301F-11D3-BF4B-00C04F79EFBC}") = "FACSvatarUnity", "Assembly-CSharp-Editor.csproj", "{6CDD01A7-7843-AE32-D914-43FA2EC96F63}"
EndProject
Global
	GlobalSection(SolutionConfigurationPlatforms) = preSolution
		Debug|Any CPU = Debug|Any CPU
		Release|Any CPU = Release|Any CPU
	EndGlobalSection
	GlobalSection(ProjectConfigurationPlatforms) = postSolution
		{833791D2-2472-6A4B-8419-0617FCAE8CD1}.Debug|Any CPU.ActiveCfg = Debug|Any CPU
		{833791D2-2472-6A4B-8419-0617FCAE8CD1}.Debug|Any CPU.Build.0 = Debug|Any CPU
		{833791D2-2472-6A4B-8419-0617FCAE8CD1}.Release|Any CPU.ActiveCfg = Release|Any CPU
		{833791D2-2472-6A4B-8419-0617FCAE8CD1}.Release|Any CPU.Build.0 = Release|Any CPU
		{6CDD01A7-7843-AE32-D914-43FA2EC96F63}.Debug|Any CPU.ActiveCfg = Debug|Any CPU
		{6CDD01A7-7843-AE32-D914-43FA2EC96F63}.Debug|Any CPU.Build.0 = Debug|Any CPU
		{6CDD01A7-7843-AE32-D914-43FA2EC96F63}.Release|Any CPU.ActiveCfg = Release|Any CPU
		{6CDD01A7-7843-AE32-D914-43FA2EC96F63}.Release|Any CPU.Build.0 = Release|Any CPU
	EndGlobalSection
	GlobalSection(SolutionProperties) = preSolution
		HideSolutionNode = FALSE
	EndGlobalSection
	GlobalSection(MonoDevelopProperties) = preSolution
		StartupItem = Assembly-CSharp.csproj
	EndGlobalSection
EndGlobal
